
Microsoft Visual Studio Solution File, Format Version 12.00
# Visual Studio Version 17
VisualStudioVersion = 17.10.35027.167
MinimumVisualStudioVersion = 10.0.40219.1
Project("{FAE04EC0-301F-11D3-BF4B-00C04F79EFBC}") = "GoatPlacesRedo.Server", "GoatPlacesRedo.Server\GoatPlacesRedo.Server.csproj", "{AF6BC2B4-4A16-4BFD-A975-B6D12E44661C}"
EndProject
Project("{54A90642-561A-4BB1-A94E-469ADEE60C69}") = "goatplacesredo.client", "goatplacesredo.client\goatplacesredo.client.esproj", "{6160BB30-94A5-4F48-BD88-CA2EDBA211A2}"
EndProject
Global
	GlobalSection(SolutionConfigurationPlatforms) = preSolution
		Debug|Any CPU = Debug|Any CPU
		Release|Any CPU = Release|Any CPU
	EndGlobalSection
	GlobalSection(ProjectConfigurationPlatforms) = postSolution
		{AF6BC2B4-4A16-4BFD-A975-B6D12E44661C}.Debug|Any CPU.ActiveCfg = Debug|Any CPU
		{AF6BC2B4-4A16-4BFD-A975-B6D12E44661C}.Debug|Any CPU.Build.0 = Debug|Any CPU
		{AF6BC2B4-4A16-4BFD-A975-B6D12E44661C}.Release|Any CPU.ActiveCfg = Release|Any CPU
		{AF6BC2B4-4A16-4BFD-A975-B6D12E44661C}.Release|Any CPU.Build.0 = Release|Any CPU
		{6160BB30-94A5-4F48-BD88-CA2EDBA211A2}.Debug|Any CPU.ActiveCfg = Debug|Any CPU
		{6160BB30-94A5-4F48-BD88-CA2EDBA211A2}.Debug|Any CPU.Build.0 = Debug|Any CPU
		{6160BB30-94A5-4F48-BD88-CA2EDBA211A2}.Debug|Any CPU.Deploy.0 = Debug|Any CPU
		{6160BB30-94A5-4F48-BD88-CA2EDBA211A2}.Release|Any CPU.ActiveCfg = Release|Any CPU
		{6160BB30-94A5-4F48-BD88-CA2EDBA211A2}.Release|Any CPU.Build.0 = Release|Any CPU
		{6160BB30-94A5-4F48-BD88-CA2EDBA211A2}.Release|Any CPU.Deploy.0 = Release|Any CPU
	EndGlobalSection
	GlobalSection(SolutionProperties) = preSolution
		HideSolutionNode = FALSE
	EndGlobalSection
	GlobalSection(ExtensibilityGlobals) = postSolution
		SolutionGuid = {3D309514-975D-45A9-8F22-9135E871F766}
	EndGlobalSection
EndGlobal
